
Microsoft Visual Studio Solution File, Format Version 12.00
# Visual Studio Version 17
VisualStudioVersion = 17.9.34622.214
MinimumVisualStudioVersion = 10.0.40219.1
Project("{2150E333-8FDC-42A3-9474-1A3956D46DE8}") = "Login", "Login", "{D7CEFAAA-076E-44FF-8F55-184B66FF3937}"
EndProject
Project("{2150E333-8FDC-42A3-9474-1A3956D46DE8}") = "Api", "Api", "{E5BA7D0F-3DF3-44BE-A45E-542FCB66D75E}"
EndProject
Project("{2150E333-8FDC-42A3-9474-1A3956D46DE8}") = "Domain", "Domain", "{8CC595A2-36A3-47C1-83FF-3CBC0E5DB75B}"
EndProject
Project("{2150E333-8FDC-42A3-9474-1A3956D46DE8}") = "Aplication", "Aplication", "{46637CDB-8C61-403C-8D6B-D39B9A8139FD}"
EndProject
Project("{2150E333-8FDC-42A3-9474-1A3956D46DE8}") = "Infrastructure", "Infrastructure", "{11BD6165-7660-4547-BEF9-6D33EFE575A5}"
EndProject
Project("{FAE04EC0-301F-11D3-BF4B-00C04F79EFBC}") = "AuthenticationAPI", "AuthenticationAPI\AuthenticationAPI.csproj", "{F43A13F7-F176-4FE1-9D01-D72048411B1D}"
EndProject
Project("{FAE04EC0-301F-11D3-BF4B-00C04F79EFBC}") = "Authorization.Infrastructure", "Authorization.Infrastructure\Authorization.Infrastructure.csproj", "{C4513F69-FEF7-4F5B-A060-CF7B6EAAA72B}"
EndProject
Project("{FAE04EC0-301F-11D3-BF4B-00C04F79EFBC}") = "Authorization.Domain", "Authorization.Domain\Authorization.Domain.csproj", "{6D38C5A9-B2F9-4FBA-A063-7E75B822F227}"
EndProject
Project("{FAE04EC0-301F-11D3-BF4B-00C04F79EFBC}") = "Authorization.Aplication", "Authorization.Aplication\Authorization.Aplication.csproj", "{F4792B9E-E1C7-4457-BE78-8C9536915F22}"
EndProject
Global
	GlobalSection(SolutionConfigurationPlatforms) = preSolution
		Debug|Any CPU = Debug|Any CPU
		Release|Any CPU = Release|Any CPU
	EndGlobalSection
	GlobalSection(ProjectConfigurationPlatforms) = postSolution
		{F43A13F7-F176-4FE1-9D01-D72048411B1D}.Debug|Any CPU.ActiveCfg = Debug|Any CPU
		{F43A13F7-F176-4FE1-9D01-D72048411B1D}.Debug|Any CPU.Build.0 = Debug|Any CPU
		{F43A13F7-F176-4FE1-9D01-D72048411B1D}.Release|Any CPU.ActiveCfg = Release|Any CPU
		{F43A13F7-F176-4FE1-9D01-D72048411B1D}.Release|Any CPU.Build.0 = Release|Any CPU
		{C4513F69-FEF7-4F5B-A060-CF7B6EAAA72B}.Debug|Any CPU.ActiveCfg = Debug|Any CPU
		{C4513F69-FEF7-4F5B-A060-CF7B6EAAA72B}.Debug|Any CPU.Build.0 = Debug|Any CPU
		{C4513F69-FEF7-4F5B-A060-CF7B6EAAA72B}.Release|Any CPU.ActiveCfg = Release|Any CPU
		{C4513F69-FEF7-4F5B-A060-CF7B6EAAA72B}.Release|Any CPU.Build.0 = Release|Any CPU
		{6D38C5A9-B2F9-4FBA-A063-7E75B822F227}.Debug|Any CPU.ActiveCfg = Debug|Any CPU
		{6D38C5A9-B2F9-4FBA-A063-7E75B822F227}.Debug|Any CPU.Build.0 = Debug|Any CPU
		{6D38C5A9-B2F9-4FBA-A063-7E75B822F227}.Release|Any CPU.ActiveCfg = Release|Any CPU
		{6D38C5A9-B2F9-4FBA-A063-7E75B822F227}.Release|Any CPU.Build.0 = Release|Any CPU
		{F4792B9E-E1C7-4457-BE78-8C9536915F22}.Debug|Any CPU.ActiveCfg = Debug|Any CPU
		{F4792B9E-E1C7-4457-BE78-8C9536915F22}.Debug|Any CPU.Build.0 = Debug|Any CPU
		{F4792B9E-E1C7-4457-BE78-8C9536915F22}.Release|Any CPU.ActiveCfg = Release|Any CPU
		{F4792B9E-E1C7-4457-BE78-8C9536915F22}.Release|Any CPU.Build.0 = Release|Any CPU
	EndGlobalSection
	GlobalSection(SolutionProperties) = preSolution
		HideSolutionNode = FALSE
	EndGlobalSection
	GlobalSection(NestedProjects) = preSolution
		{E5BA7D0F-3DF3-44BE-A45E-542FCB66D75E} = {D7CEFAAA-076E-44FF-8F55-184B66FF3937}
		{8CC595A2-36A3-47C1-83FF-3CBC0E5DB75B} = {D7CEFAAA-076E-44FF-8F55-184B66FF3937}
		{46637CDB-8C61-403C-8D6B-D39B9A8139FD} = {D7CEFAAA-076E-44FF-8F55-184B66FF3937}
		{11BD6165-7660-4547-BEF9-6D33EFE575A5} = {D7CEFAAA-076E-44FF-8F55-184B66FF3937}
		{F43A13F7-F176-4FE1-9D01-D72048411B1D} = {E5BA7D0F-3DF3-44BE-A45E-542FCB66D75E}
		{C4513F69-FEF7-4F5B-A060-CF7B6EAAA72B} = {11BD6165-7660-4547-BEF9-6D33EFE575A5}
		{6D38C5A9-B2F9-4FBA-A063-7E75B822F227} = {8CC595A2-36A3-47C1-83FF-3CBC0E5DB75B}
		{F4792B9E-E1C7-4457-BE78-8C9536915F22} = {46637CDB-8C61-403C-8D6B-D39B9A8139FD}
	EndGlobalSection
	GlobalSection(ExtensibilityGlobals) = postSolution
		SolutionGuid = {F0FE17B5-858A-4619-B970-A72CB8855445}
	EndGlobalSection
EndGlobal
